
Microsoft Visual Studio Solution File, Format Version 12.00
# Visual Studio 15
VisualStudioVersion = 15.0.27703.2042
MinimumVisualStudioVersion = 10.0.40219.1
Project("{FAE04EC0-301F-11D3-BF4B-00C04F79EFBC}") = "Shop", "Shop\Shop.csproj", "{B1326599-44F6-409D-91B9-0F94C6CA2E76}"
EndProject
Project("{FAE04EC0-301F-11D3-BF4B-00C04F79EFBC}") = "HostShop", "HostShop\HostShop.csproj", "{596F6F24-F9BF-4BC2-AE91-E569731DF0D5}"
EndProject
Project("{FAE04EC0-301F-11D3-BF4B-00C04F79EFBC}") = "ClientShop", "ClientShop\ClientShop.csproj", "{8F6EEAD3-89F5-4F7D-B198-8232C323EBD5}"
EndProject
Global
	GlobalSection(SolutionConfigurationPlatforms) = preSolution
		Debug|Any CPU = Debug|Any CPU
		Release|Any CPU = Release|Any CPU
	EndGlobalSection
	GlobalSection(ProjectConfigurationPlatforms) = postSolution
		{B1326599-44F6-409D-91B9-0F94C6CA2E76}.Debug|Any CPU.ActiveCfg = Debug|Any CPU
		{B1326599-44F6-409D-91B9-0F94C6CA2E76}.Debug|Any CPU.Build.0 = Debug|Any CPU
		{B1326599-44F6-409D-91B9-0F94C6CA2E76}.Release|Any CPU.ActiveCfg = Release|Any CPU
		{B1326599-44F6-409D-91B9-0F94C6CA2E76}.Release|Any CPU.Build.0 = Release|Any CPU
		{596F6F24-F9BF-4BC2-AE91-E569731DF0D5}.Debug|Any CPU.ActiveCfg = Debug|Any CPU
		{596F6F24-F9BF-4BC2-AE91-E569731DF0D5}.Debug|Any CPU.Build.0 = Debug|Any CPU
		{596F6F24-F9BF-4BC2-AE91-E569731DF0D5}.Release|Any CPU.ActiveCfg = Release|Any CPU
		{596F6F24-F9BF-4BC2-AE91-E569731DF0D5}.Release|Any CPU.Build.0 = Release|Any CPU
		{8F6EEAD3-89F5-4F7D-B198-8232C323EBD5}.Debug|Any CPU.ActiveCfg = Debug|Any CPU
		{8F6EEAD3-89F5-4F7D-B198-8232C323EBD5}.Debug|Any CPU.Build.0 = Debug|Any CPU
		{8F6EEAD3-89F5-4F7D-B198-8232C323EBD5}.Release|Any CPU.ActiveCfg = Release|Any CPU
		{8F6EEAD3-89F5-4F7D-B198-8232C323EBD5}.Release|Any CPU.Build.0 = Release|Any CPU
	EndGlobalSection
	GlobalSection(SolutionProperties) = preSolution
		HideSolutionNode = FALSE
	EndGlobalSection
	GlobalSection(ExtensibilityGlobals) = postSolution
		SolutionGuid = {66CF99AF-31E5-4D7C-960A-EEFE8A4F43F4}
	EndGlobalSection
EndGlobal
